
Microsoft Visual Studio Solution File, Format Version 12.00
# Visual Studio 15
VisualStudioVersion = 15.0.27428.2015
MinimumVisualStudioVersion = 10.0.40219.1
Project("{9A19103F-16F7-4668-BE54-9A1E7A4F7556}") = "elastic-kibana", "elastic-kibana.csproj", "{30C6E5D8-F277-46EC-B77C-60BB593A37BA}"
EndProject
Global
	GlobalSection(SolutionConfigurationPlatforms) = preSolution
		Debug|Any CPU = Debug|Any CPU
		Release|Any CPU = Release|Any CPU
	EndGlobalSection
	GlobalSection(ProjectConfigurationPlatforms) = postSolution
		{30C6E5D8-F277-46EC-B77C-60BB593A37BA}.Debug|Any CPU.ActiveCfg = Debug|Any CPU
		{30C6E5D8-F277-46EC-B77C-60BB593A37BA}.Debug|Any CPU.Build.0 = Debug|Any CPU
		{30C6E5D8-F277-46EC-B77C-60BB593A37BA}.Release|Any CPU.ActiveCfg = Release|Any CPU
		{30C6E5D8-F277-46EC-B77C-60BB593A37BA}.Release|Any CPU.Build.0 = Release|Any CPU
	EndGlobalSection
	GlobalSection(SolutionProperties) = preSolution
		HideSolutionNode = FALSE
	EndGlobalSection
	GlobalSection(ExtensibilityGlobals) = postSolution
		SolutionGuid = {0A5C14D8-2693-48E4-82F5-0044ED5E666B}
	EndGlobalSection
EndGlobal
